
Microsoft Visual Studio Solution File, Format Version 12.00
# Visual Studio 15
VisualStudioVersion = 15.0.27428.1
MinimumVisualStudioVersion = 10.0.40219.1
Project("{FAE04EC0-301F-11D3-BF4B-00C04F79EFBC}") = "SampleToken", "SampleToken\SampleToken.csproj", "{9877E05B-53AE-4D98-9752-CAB257CD2200}"
EndProject
Global
	GlobalSection(SolutionConfigurationPlatforms) = preSolution
		Debug|Any CPU = Debug|Any CPU
		Release|Any CPU = Release|Any CPU
	EndGlobalSection
	GlobalSection(ProjectConfigurationPlatforms) = postSolution
		{9877E05B-53AE-4D98-9752-CAB257CD2200}.Debug|Any CPU.ActiveCfg = Debug|Any CPU
		{9877E05B-53AE-4D98-9752-CAB257CD2200}.Debug|Any CPU.Build.0 = Debug|Any CPU
		{9877E05B-53AE-4D98-9752-CAB257CD2200}.Release|Any CPU.ActiveCfg = Release|Any CPU
		{9877E05B-53AE-4D98-9752-CAB257CD2200}.Release|Any CPU.Build.0 = Release|Any CPU
	EndGlobalSection
	GlobalSection(SolutionProperties) = preSolution
		HideSolutionNode = FALSE
	EndGlobalSection
	GlobalSection(ExtensibilityGlobals) = postSolution
		SolutionGuid = {B8B8486B-5F6D-4CDE-83D7-A67E4779B681}
	EndGlobalSection
EndGlobal
